// !$*UTF8*$!
{
	archiveVersion = 1;
	classes = {
	};
	objectVersion = 46;
	objects = {

/* Begin PBXAggregateTarget section */
		83BD306D1B01490200936C2E /* Mogenerator */ = {
			isa = PBXAggregateTarget;
			buildConfigurationList = 83BD30701B01490200936C2E /* Build configuration list for PBXAggregateTarget "Mogenerator" */;
			buildPhases = (
				83BD30711B01493100936C2E /* ShellScript */,
			);
			dependencies = (
			);
			name = Mogenerator;
			productName = Mogenerator;
		};
/* End PBXAggregateTarget section */

/* Begin PBXBuildFile section */
		1D3623260D0F684500981E51 /* WSAppDelegate.m in Sources */ = {isa = PBXBuildFile; fileRef = 1D3623250D0F684500981E51 /* WSAppDelegate.m */; };
		1D60589B0D05DD56006BFB54 /* main.m in Sources */ = {isa = PBXBuildFile; fileRef = 29B97316FDCFA39411CA2CEA /* main.m */; };
		1D60589F0D05DD5A006BFB54 /* Foundation.framework in Frameworks */ = {isa = PBXBuildFile; fileRef = 1D30AB110D05D00D00671497 /* Foundation.framework */; };
		1DF5F4E00D08C38300B7A737 /* UIKit.framework in Frameworks */ = {isa = PBXBuildFile; fileRef = 1DF5F4DF0D08C38300B7A737 /* UIKit.framework */; };
		2892E4100DC94CBA00A64D0F /* CoreGraphics.framework in Frameworks */ = {isa = PBXBuildFile; fileRef = 2892E40F0DC94CBA00A64D0F /* CoreGraphics.framework */; };
		28C286E10D94DF7D0034E888 /* HostMapViewController.m in Sources */ = {isa = PBXBuildFile; fileRef = 28C286E00D94DF7D0034E888 /* HostMapViewController.m */; };
		3102391F8DDD4D1FAC5382A5 /* libPods.a in Frameworks */ = {isa = PBXBuildFile; fileRef = D09F2CAA216B49BAA5EEDCA7 /* libPods.a */; };
		832198911AFFF49B0041A72F /* SingleThreadTableViewController.m in Sources */ = {isa = PBXBuildFile; fileRef = 832198901AFFF49B0041A72F /* SingleThreadTableViewController.m */; };
		8330B481126A0775008B2EC4 /* WSRequests.m in Sources */ = {isa = PBXBuildFile; fileRef = 8330B480126A0775008B2EC4 /* WSRequests.m */; };
		833198E41B02717C008E76F0 /* ios7-information-outline.png in Resources */ = {isa = PBXBuildFile; fileRef = 833198E21B02717C008E76F0 /* ios7-information-outline.png */; };
		833198E51B02717C008E76F0 /* ios7-information-outline@2x.png in Resources */ = {isa = PBXBuildFile; fileRef = 833198E31B02717C008E76F0 /* ios7-information-outline@2x.png */; };
		8343CC8F1AFFE2DC00EE3A45 /* Thread.m in Sources */ = {isa = PBXBuildFile; fileRef = 8343CC8E1AFFE2DC00EE3A45 /* Thread.m */; };
		83441AD51608694900468716 /* WSHTTPClient.m in Sources */ = {isa = PBXBuildFile; fileRef = 83441AD41608694900468716 /* WSHTTPClient.m */; };
		8348AE361872A0CF0097DF24 /* StoreKit.framework in Frameworks */ = {isa = PBXBuildFile; fileRef = 8348AE351872A0CF0097DF24 /* StoreKit.framework */; };
		8348AE381872A2AD0097DF24 /* Images.xcassets in Resources */ = {isa = PBXBuildFile; fileRef = 8348AE371872A2AD0097DF24 /* Images.xcassets */; };
		8348AE421872C2360097DF24 /* ios7-navigate-outline.png in Resources */ = {isa = PBXBuildFile; fileRef = 8348AE401872C2360097DF24 /* ios7-navigate-outline.png */; };
		8348AE431872C2360097DF24 /* ios7-navigate-outline@2x.png in Resources */ = {isa = PBXBuildFile; fileRef = 8348AE411872C2360097DF24 /* ios7-navigate-outline@2x.png */; };
		834C9CBA1B0683E200C735F4 /* LoginViewController.m in Sources */ = {isa = PBXBuildFile; fileRef = 834C9CB81B0683E200C735F4 /* LoginViewController.m */; };
		834C9CBB1B0683E200C735F4 /* LoginViewController.xib in Resources */ = {isa = PBXBuildFile; fileRef = 834C9CB91B0683E200C735F4 /* LoginViewController.xib */; };
		83518606152C0C1F009E558F /* MKMapView+Utils.m in Sources */ = {isa = PBXBuildFile; fileRef = 835185FF152C0B0B009E558F /* MKMapView+Utils.m */; };
		8355479B1642DFFE00D2A0B5 /* Settings.bundle in Resources */ = {isa = PBXBuildFile; fileRef = 8355479A1642DFFE00D2A0B5 /* Settings.bundle */; };
		835696F41847D1CB00F5B999 /* AssetsLibrary.framework in Frameworks */ = {isa = PBXBuildFile; fileRef = 835696F31847D1CB00F5B999 /* AssetsLibrary.framework */; };
		835696F61847D1EC00F5B999 /* Security.framework in Frameworks */ = {isa = PBXBuildFile; fileRef = 835696F51847D1EC00F5B999 /* Security.framework */; };
		835696F81847D23100F5B999 /* ImageIO.framework in Frameworks */ = {isa = PBXBuildFile; fileRef = 835696F71847D23100F5B999 /* ImageIO.framework */; };
		836CCF0114ABB3D1000EDC51 /* HostMapViewController.xib in Resources */ = {isa = PBXBuildFile; fileRef = 836CCF0014ABB3D1000EDC51 /* HostMapViewController.xib */; };
		836CCF0614ABB3E6000EDC51 /* Host.m in Sources */ = {isa = PBXBuildFile; fileRef = 836CCF0314ABB3E6000EDC51 /* Host.m */; };
		836D64AA1893BFA000F0602F /* crittercism.plist in Resources */ = {isa = PBXBuildFile; fileRef = 836D64A91893BFA000F0602F /* crittercism.plist */; };
		83708C1A145C79CF00B15150 /* SegmentsController.m in Sources */ = {isa = PBXBuildFile; fileRef = 83708C19145C79CF00B15150 /* SegmentsController.m */; };
		8388B1371458A8100079ACE3 /* HostTableViewController.m in Sources */ = {isa = PBXBuildFile; fileRef = 8388B1361458A8100079ACE3 /* HostTableViewController.m */; };
		838AB091172F94FA005A9149 /* QuartzCore.framework in Frameworks */ = {isa = PBXBuildFile; fileRef = 838AB090172F94FA005A9149 /* QuartzCore.framework */; };
		838AB093172F9500005A9149 /* MobileCoreServices.framework in Frameworks */ = {isa = PBXBuildFile; fileRef = 838AB092172F9500005A9149 /* MobileCoreServices.framework */; };
		838E22F11894037B0097A831 /* ws-50.png in Resources */ = {isa = PBXBuildFile; fileRef = 838E22EF1894037B0097A831 /* ws-50.png */; };
		838E22F21894037B0097A831 /* ws-50@2x.png in Resources */ = {isa = PBXBuildFile; fileRef = 838E22F01894037B0097A831 /* ws-50@2x.png */; };
		839FD6F3126AED0A00C008F8 /* MKMapView+ZoomLevel.m in Sources */ = {isa = PBXBuildFile; fileRef = 839FD6F2126AED0A00C008F8 /* MKMapView+ZoomLevel.m */; };
		83B3348F1B046DE900A2A1FB /* ContactHostViewController.xib in Resources */ = {isa = PBXBuildFile; fileRef = 83B3348E1B046DE900A2A1FB /* ContactHostViewController.xib */; };
		83B334941B046F2600A2A1FB /* Localizable.strings in Resources */ = {isa = PBXBuildFile; fileRef = 83B334921B046F2600A2A1FB /* Localizable.strings */; };
		83BE50B6126B4E7B00B5A65A /* HostInfoViewController.m in Sources */ = {isa = PBXBuildFile; fileRef = 83BE50B4126B4E7B00B5A65A /* HostInfoViewController.m */; };
		83C78E801474DE3D00274616 /* CLLocation+Bearing.m in Sources */ = {isa = PBXBuildFile; fileRef = 83C78E7F1474DE3D00274616 /* CLLocation+Bearing.m */; };
		83CDACE0160A310000B5DC83 /* FeedbackTableViewController.m in Sources */ = {isa = PBXBuildFile; fileRef = 83CDACDF160A310000B5DC83 /* FeedbackTableViewController.m */; };
		83CE1361147455CB006EED95 /* FavouriteHostTableViewController.m in Sources */ = {isa = PBXBuildFile; fileRef = 83CE1360147455CB006EED95 /* FavouriteHostTableViewController.m */; };
		83CF4474126A01A200DF3CFD /* MapKit.framework in Frameworks */ = {isa = PBXBuildFile; fileRef = 83CF4473126A01A200DF3CFD /* MapKit.framework */; };
		83D26B36126A4DE400412151 /* CoreLocation.framework in Frameworks */ = {isa = PBXBuildFile; fileRef = 83D26B35126A4DE400412151 /* CoreLocation.framework */; };
		83DBE69A1AFD647D003CFFCD /* menu_black-48@2x.png in Resources */ = {isa = PBXBuildFile; fileRef = 83DBE6991AFD647D003CFFCD /* menu_black-48@2x.png */; };
		83DBE69D1AFD6607003CFFCD /* LeftMenuViewController.m in Sources */ = {isa = PBXBuildFile; fileRef = 83DBE69C1AFD6607003CFFCD /* LeftMenuViewController.m */; };
		83E205681878B3550067738B /* ws.png in Resources */ = {isa = PBXBuildFile; fileRef = 83E205661878B3550067738B /* ws.png */; };
		83E205691878B3550067738B /* ws@2x.png in Resources */ = {isa = PBXBuildFile; fileRef = 83E205671878B3550067738B /* ws@2x.png */; };
		83E605571608477F00C7C50E /* Feedback.m in Sources */ = {isa = PBXBuildFile; fileRef = 83E605561608477F00C7C50E /* Feedback.m */; };
		83E7FF791AFEB8E5000FCAF7 /* AllThreadsTableViewController.m in Sources */ = {isa = PBXBuildFile; fileRef = 83E7FF781AFEB8E5000FCAF7 /* AllThreadsTableViewController.m */; };
		83EC1DA91B014E25003FD77B /* _Feedback.m in Sources */ = {isa = PBXBuildFile; fileRef = 83EC1DA21B014E25003FD77B /* _Feedback.m */; };
		83EC1DAA1B014E25003FD77B /* _Host.m in Sources */ = {isa = PBXBuildFile; fileRef = 83EC1DA41B014E25003FD77B /* _Host.m */; };
		83EC1DAB1B014E25003FD77B /* _Message.m in Sources */ = {isa = PBXBuildFile; fileRef = 83EC1DA61B014E25003FD77B /* _Message.m */; };
		83EC1DAC1B014E25003FD77B /* _Thread.m in Sources */ = {isa = PBXBuildFile; fileRef = 83EC1DA81B014E25003FD77B /* _Thread.m */; };
		83EC1DAF1B01508F003FD77B /* WS.xcdatamodeld in Sources */ = {isa = PBXBuildFile; fileRef = 83EC1DAD1B01508F003FD77B /* WS.xcdatamodeld */; };
		83EC1DB21B0155D1003FD77B /* Message.m in Sources */ = {isa = PBXBuildFile; fileRef = 83EC1DB11B0155D1003FD77B /* Message.m */; };
		83F00E0415EBC6E000761BC6 /* RHAboutViewController.m in Sources */ = {isa = PBXBuildFile; fileRef = 83F00E0315EBC5B400761BC6 /* RHAboutViewController.m */; };
		83F00E0D15EBC73900761BC6 /* RHPromptForReview.m in Sources */ = {isa = PBXBuildFile; fileRef = 83F00E0C15EBC73900761BC6 /* RHPromptForReview.m */; };
		83F00E1715EBD11B00761BC6 /* trackmytour.png in Resources */ = {isa = PBXBuildFile; fileRef = 83F00E1515EBD11B00761BC6 /* trackmytour.png */; };
		83F00E1815EBD11B00761BC6 /* trackmytour@2x.png in Resources */ = {isa = PBXBuildFile; fileRef = 83F00E1615EBD11B00761BC6 /* trackmytour@2x.png */; };
		83F00E1B15EBD3FE00761BC6 /* NSString+analytics.m in Sources */ = {isa = PBXBuildFile; fileRef = 83F00E1A15EBD3FE00761BC6 /* NSString+analytics.m */; };
		83F8C187152B8B280084E380 /* ContactHostViewController.m in Sources */ = {isa = PBXBuildFile; fileRef = 83F8C185152B8B280084E380 /* ContactHostViewController.m */; };
		83FBB25E148B6FDB002042B0 /* RHWebViewController.m in Sources */ = {isa = PBXBuildFile; fileRef = 83FBB25D148B6FDB002042B0 /* RHWebViewController.m */; };
		83FFC5F316187AC300158C5F /* SystemConfiguration.framework in Frameworks */ = {isa = PBXBuildFile; fileRef = 8330B4C8126A092E008B2EC4 /* SystemConfiguration.framework */; };
		83FFC5F416187B7D00158C5F /* CoreData.framework in Frameworks */ = {isa = PBXBuildFile; fileRef = 28860BE40F44EE6400985440 /* CoreData.framework */; };
/* End PBXBuildFile section */

/* Begin PBXFileReference section */
		0DCC95967B6E7593E73282EE /* Pods.release.xcconfig */ = {isa = PBXFileReference; includeInIndex = 1; lastKnownFileType = text.xcconfig; name = Pods.release.xcconfig; path = "Pods/Target Support Files/Pods/Pods.release.xcconfig"; sourceTree = "<group>"; };
		1D30AB110D05D00D00671497 /* Foundation.framework */ = {isa = PBXFileReference; lastKnownFileType = wrapper.framework; name = Foundation.framework; path = System/Library/Frameworks/Foundation.framework; sourceTree = SDKROOT; };
		1D3623240D0F684500981E51 /* WSAppDelegate.h */ = {isa = PBXFileReference; fileEncoding = 4; lastKnownFileType = sourcecode.c.h; path = WSAppDelegate.h; sourceTree = "<group>"; };
		1D3623250D0F684500981E51 /* WSAppDelegate.m */ = {isa = PBXFileReference; fileEncoding = 4; lastKnownFileType = sourcecode.c.objc; path = WSAppDelegate.m; sourceTree = "<group>"; };
		1D6058910D05DD3D006BFB54 /* WS.app */ = {isa = PBXFileReference; explicitFileType = wrapper.application; includeInIndex = 0; path = WS.app; sourceTree = BUILT_PRODUCTS_DIR; };
		1DF5F4DF0D08C38300B7A737 /* UIKit.framework */ = {isa = PBXFileReference; lastKnownFileType = wrapper.framework; name = UIKit.framework; path = System/Library/Frameworks/UIKit.framework; sourceTree = SDKROOT; };
		28860BE40F44EE6400985440 /* CoreData.framework */ = {isa = PBXFileReference; lastKnownFileType = wrapper.framework; name = CoreData.framework; path = System/Library/Frameworks/CoreData.framework; sourceTree = SDKROOT; };
		2892E40F0DC94CBA00A64D0F /* CoreGraphics.framework */ = {isa = PBXFileReference; lastKnownFileType = wrapper.framework; name = CoreGraphics.framework; path = System/Library/Frameworks/CoreGraphics.framework; sourceTree = SDKROOT; };
		28A0AAE50D9B0CCF005BE974 /* WS_Prefix.pch */ = {isa = PBXFileReference; fileEncoding = 4; lastKnownFileType = sourcecode.c.h; path = WS_Prefix.pch; sourceTree = "<group>"; };
		28C286DF0D94DF7D0034E888 /* HostMapViewController.h */ = {isa = PBXFileReference; fileEncoding = 4; lastKnownFileType = sourcecode.c.h; path = HostMapViewController.h; sourceTree = "<group>"; };
		28C286E00D94DF7D0034E888 /* HostMapViewController.m */ = {isa = PBXFileReference; fileEncoding = 4; lastKnownFileType = sourcecode.c.objc; path = HostMapViewController.m; sourceTree = "<group>"; };
		29B97316FDCFA39411CA2CEA /* main.m */ = {isa = PBXFileReference; fileEncoding = 4; lastKnownFileType = sourcecode.c.objc; path = main.m; sourceTree = "<group>"; };
		3B04C42F3B42643FDA03D2FB /* Pods.debug.xcconfig */ = {isa = PBXFileReference; includeInIndex = 1; lastKnownFileType = text.xcconfig; name = Pods.debug.xcconfig; path = "Pods/Target Support Files/Pods/Pods.debug.xcconfig"; sourceTree = "<group>"; };
		8321988F1AFFF49B0041A72F /* SingleThreadTableViewController.h */ = {isa = PBXFileReference; fileEncoding = 4; lastKnownFileType = sourcecode.c.h; path = SingleThreadTableViewController.h; sourceTree = "<group>"; };
		832198901AFFF49B0041A72F /* SingleThreadTableViewController.m */ = {isa = PBXFileReference; fileEncoding = 4; lastKnownFileType = sourcecode.c.objc; path = SingleThreadTableViewController.m; sourceTree = "<group>"; };
		8330B47F126A0775008B2EC4 /* WSRequests.h */ = {isa = PBXFileReference; fileEncoding = 4; lastKnownFileType = sourcecode.c.h; path = WSRequests.h; sourceTree = "<group>"; };
		8330B480126A0775008B2EC4 /* WSRequests.m */ = {isa = PBXFileReference; fileEncoding = 4; lastKnownFileType = sourcecode.c.objc; path = WSRequests.m; sourceTree = "<group>"; };
		8330B4C8126A092E008B2EC4 /* SystemConfiguration.framework */ = {isa = PBXFileReference; lastKnownFileType = wrapper.framework; name = SystemConfiguration.framework; path = System/Library/Frameworks/SystemConfiguration.framework; sourceTree = SDKROOT; };
		833198E21B02717C008E76F0 /* ios7-information-outline.png */ = {isa = PBXFileReference; lastKnownFileType = image.png; path = "ios7-information-outline.png"; sourceTree = "<group>"; };
		833198E31B02717C008E76F0 /* ios7-information-outline@2x.png */ = {isa = PBXFileReference; lastKnownFileType = image.png; path = "ios7-information-outline@2x.png"; sourceTree = "<group>"; };
		8343CC8D1AFFE2DC00EE3A45 /* Thread.h */ = {isa = PBXFileReference; fileEncoding = 4; lastKnownFileType = sourcecode.c.h; path = Thread.h; sourceTree = "<group>"; };
		8343CC8E1AFFE2DC00EE3A45 /* Thread.m */ = {isa = PBXFileReference; fileEncoding = 4; lastKnownFileType = sourcecode.c.objc; path = Thread.m; sourceTree = "<group>"; };
		83441AD31608694900468716 /* WSHTTPClient.h */ = {isa = PBXFileReference; fileEncoding = 4; lastKnownFileType = sourcecode.c.h; path = WSHTTPClient.h; sourceTree = "<group>"; };
		83441AD41608694900468716 /* WSHTTPClient.m */ = {isa = PBXFileReference; fileEncoding = 4; lastKnownFileType = sourcecode.c.objc; path = WSHTTPClient.m; sourceTree = "<group>"; };
		8348AE351872A0CF0097DF24 /* StoreKit.framework */ = {isa = PBXFileReference; lastKnownFileType = wrapper.framework; name = StoreKit.framework; path = System/Library/Frameworks/StoreKit.framework; sourceTree = SDKROOT; };
		8348AE371872A2AD0097DF24 /* Images.xcassets */ = {isa = PBXFileReference; lastKnownFileType = folder.assetcatalog; path = Images.xcassets; sourceTree = "<group>"; };
		8348AE401872C2360097DF24 /* ios7-navigate-outline.png */ = {isa = PBXFileReference; lastKnownFileType = image.png; path = "ios7-navigate-outline.png"; sourceTree = "<group>"; };
		8348AE411872C2360097DF24 /* ios7-navigate-outline@2x.png */ = {isa = PBXFileReference; lastKnownFileType = image.png; path = "ios7-navigate-outline@2x.png"; sourceTree = "<group>"; };
		834C9CB71B0683E200C735F4 /* LoginViewController.h */ = {isa = PBXFileReference; fileEncoding = 4; lastKnownFileType = sourcecode.c.h; path = LoginViewController.h; sourceTree = "<group>"; };
		834C9CB81B0683E200C735F4 /* LoginViewController.m */ = {isa = PBXFileReference; fileEncoding = 4; lastKnownFileType = sourcecode.c.objc; path = LoginViewController.m; sourceTree = "<group>"; };
		834C9CB91B0683E200C735F4 /* LoginViewController.xib */ = {isa = PBXFileReference; fileEncoding = 4; lastKnownFileType = file.xib; path = LoginViewController.xib; sourceTree = "<group>"; };
		835185FE152C0B0B009E558F /* MKMapView+Utils.h */ = {isa = PBXFileReference; lastKnownFileType = sourcecode.c.h; path = "MKMapView+Utils.h"; sourceTree = "<group>"; };
		835185FF152C0B0B009E558F /* MKMapView+Utils.m */ = {isa = PBXFileReference; lastKnownFileType = sourcecode.c.objc; path = "MKMapView+Utils.m"; sourceTree = "<group>"; };
		8355479A1642DFFE00D2A0B5 /* Settings.bundle */ = {isa = PBXFileReference; lastKnownFileType = "wrapper.plug-in"; path = Settings.bundle; sourceTree = "<group>"; };
		835696F31847D1CB00F5B999 /* AssetsLibrary.framework */ = {isa = PBXFileReference; lastKnownFileType = wrapper.framework; name = AssetsLibrary.framework; path = System/Library/Frameworks/AssetsLibrary.framework; sourceTree = SDKROOT; };
		835696F51847D1EC00F5B999 /* Security.framework */ = {isa = PBXFileReference; lastKnownFileType = wrapper.framework; name = Security.framework; path = System/Library/Frameworks/Security.framework; sourceTree = SDKROOT; };
		835696F71847D23100F5B999 /* ImageIO.framework */ = {isa = PBXFileReference; lastKnownFileType = wrapper.framework; name = ImageIO.framework; path = System/Library/Frameworks/ImageIO.framework; sourceTree = SDKROOT; };
		836CCF0014ABB3D1000EDC51 /* HostMapViewController.xib */ = {isa = PBXFileReference; fileEncoding = 4; lastKnownFileType = file.xib; path = HostMapViewController.xib; sourceTree = "<group>"; };
		836CCF0214ABB3E6000EDC51 /* Host.h */ = {isa = PBXFileReference; fileEncoding = 4; lastKnownFileType = sourcecode.c.h; path = Host.h; sourceTree = "<group>"; };
		836CCF0314ABB3E6000EDC51 /* Host.m */ = {isa = PBXFileReference; fileEncoding = 4; lastKnownFileType = sourcecode.c.objc; path = Host.m; sourceTree = "<group>"; };
		836D64A91893BFA000F0602F /* crittercism.plist */ = {isa = PBXFileReference; fileEncoding = 4; lastKnownFileType = text.plist.xml; path = crittercism.plist; sourceTree = "<group>"; };
		83708C18145C79CF00B15150 /* SegmentsController.h */ = {isa = PBXFileReference; fileEncoding = 4; lastKnownFileType = sourcecode.c.h; path = SegmentsController.h; sourceTree = "<group>"; };
		83708C19145C79CF00B15150 /* SegmentsController.m */ = {isa = PBXFileReference; fileEncoding = 4; lastKnownFileType = sourcecode.c.objc; path = SegmentsController.m; sourceTree = "<group>"; };
		8388B1351458A8100079ACE3 /* HostTableViewController.h */ = {isa = PBXFileReference; fileEncoding = 4; lastKnownFileType = sourcecode.c.h; path = HostTableViewController.h; sourceTree = "<group>"; };
		8388B1361458A8100079ACE3 /* HostTableViewController.m */ = {isa = PBXFileReference; fileEncoding = 4; lastKnownFileType = sourcecode.c.objc; path = HostTableViewController.m; sourceTree = "<group>"; };
		838AB090172F94FA005A9149 /* QuartzCore.framework */ = {isa = PBXFileReference; lastKnownFileType = wrapper.framework; name = QuartzCore.framework; path = System/Library/Frameworks/QuartzCore.framework; sourceTree = SDKROOT; };
		838AB092172F9500005A9149 /* MobileCoreServices.framework */ = {isa = PBXFileReference; lastKnownFileType = wrapper.framework; name = MobileCoreServices.framework; path = System/Library/Frameworks/MobileCoreServices.framework; sourceTree = SDKROOT; };
		838E22EF1894037B0097A831 /* ws-50.png */ = {isa = PBXFileReference; lastKnownFileType = image.png; path = "ws-50.png"; sourceTree = "<group>"; };
		838E22F01894037B0097A831 /* ws-50@2x.png */ = {isa = PBXFileReference; lastKnownFileType = image.png; path = "ws-50@2x.png"; sourceTree = "<group>"; };
		839FD6F1126AED0A00C008F8 /* MKMapView+ZoomLevel.h */ = {isa = PBXFileReference; fileEncoding = 4; lastKnownFileType = sourcecode.c.h; path = "MKMapView+ZoomLevel.h"; sourceTree = "<group>"; };
		839FD6F2126AED0A00C008F8 /* MKMapView+ZoomLevel.m */ = {isa = PBXFileReference; fileEncoding = 4; lastKnownFileType = sourcecode.c.objc; path = "MKMapView+ZoomLevel.m"; sourceTree = "<group>"; };
		83A4D2AB1B0472B4008ACB08 /* en */ = {isa = PBXFileReference; lastKnownFileType = text.plist.strings; name = en; path = en.lproj/Localizable.strings; sourceTree = "<group>"; };
		83A4D2AC1B0472DE008ACB08 /* de */ = {isa = PBXFileReference; lastKnownFileType = text.plist.strings; name = de; path = de.lproj/Localizable.strings; sourceTree = "<group>"; };
		83A4D2AD1B0472E3008ACB08 /* fr */ = {isa = PBXFileReference; lastKnownFileType = text.plist.strings; name = fr; path = fr.lproj/Localizable.strings; sourceTree = "<group>"; };
		83B3348E1B046DE900A2A1FB /* ContactHostViewController.xib */ = {isa = PBXFileReference; fileEncoding = 4; lastKnownFileType = file.xib; path = ContactHostViewController.xib; sourceTree = "<group>"; };
		83BE50B3126B4E7B00B5A65A /* HostInfoViewController.h */ = {isa = PBXFileReference; fileEncoding = 4; lastKnownFileType = sourcecode.c.h; path = HostInfoViewController.h; sourceTree = "<group>"; };
		83BE50B4126B4E7B00B5A65A /* HostInfoViewController.m */ = {isa = PBXFileReference; fileEncoding = 4; lastKnownFileType = sourcecode.c.objc; path = HostInfoViewController.m; sourceTree = "<group>"; };
		83C78E7E1474DE3D00274616 /* CLLocation+Bearing.h */ = {isa = PBXFileReference; fileEncoding = 4; lastKnownFileType = sourcecode.c.h; path = "CLLocation+Bearing.h"; sourceTree = "<group>"; };
		83C78E7F1474DE3D00274616 /* CLLocation+Bearing.m */ = {isa = PBXFileReference; fileEncoding = 4; lastKnownFileType = sourcecode.c.objc; path = "CLLocation+Bearing.m"; sourceTree = "<group>"; };
		83CDACDE160A310000B5DC83 /* FeedbackTableViewController.h */ = {isa = PBXFileReference; fileEncoding = 4; lastKnownFileType = sourcecode.c.h; path = FeedbackTableViewController.h; sourceTree = "<group>"; };
		83CDACDF160A310000B5DC83 /* FeedbackTableViewController.m */ = {isa = PBXFileReference; fileEncoding = 4; lastKnownFileType = sourcecode.c.objc; path = FeedbackTableViewController.m; sourceTree = "<group>"; };
		83CE135F147455CB006EED95 /* FavouriteHostTableViewController.h */ = {isa = PBXFileReference; fileEncoding = 4; lastKnownFileType = sourcecode.c.h; path = FavouriteHostTableViewController.h; sourceTree = "<group>"; };
		83CE1360147455CB006EED95 /* FavouriteHostTableViewController.m */ = {isa = PBXFileReference; fileEncoding = 4; lastKnownFileType = sourcecode.c.objc; path = FavouriteHostTableViewController.m; sourceTree = "<group>"; };
		83CF4473126A01A200DF3CFD /* MapKit.framework */ = {isa = PBXFileReference; lastKnownFileType = wrapper.framework; name = MapKit.framework; path = System/Library/Frameworks/MapKit.framework; sourceTree = SDKROOT; };
		83D26B35126A4DE400412151 /* CoreLocation.framework */ = {isa = PBXFileReference; lastKnownFileType = wrapper.framework; name = CoreLocation.framework; path = System/Library/Frameworks/CoreLocation.framework; sourceTree = SDKROOT; };
		83DBE6991AFD647D003CFFCD /* menu_black-48@2x.png */ = {isa = PBXFileReference; lastKnownFileType = image.png; path = "menu_black-48@2x.png"; sourceTree = "<group>"; };
		83DBE69B1AFD6607003CFFCD /* LeftMenuViewController.h */ = {isa = PBXFileReference; fileEncoding = 4; lastKnownFileType = sourcecode.c.h; path = LeftMenuViewController.h; sourceTree = "<group>"; };
		83DBE69C1AFD6607003CFFCD /* LeftMenuViewController.m */ = {isa = PBXFileReference; fileEncoding = 4; lastKnownFileType = sourcecode.c.objc; path = LeftMenuViewController.m; sourceTree = "<group>"; };
		83E205661878B3550067738B /* ws.png */ = {isa = PBXFileReference; lastKnownFileType = image.png; path = ws.png; sourceTree = "<group>"; };
		83E205671878B3550067738B /* ws@2x.png */ = {isa = PBXFileReference; lastKnownFileType = image.png; path = "ws@2x.png"; sourceTree = "<group>"; };
		83E605551608477F00C7C50E /* Feedback.h */ = {isa = PBXFileReference; fileEncoding = 4; lastKnownFileType = sourcecode.c.h; path = Feedback.h; sourceTree = "<group>"; };
		83E605561608477F00C7C50E /* Feedback.m */ = {isa = PBXFileReference; fileEncoding = 4; lastKnownFileType = sourcecode.c.objc; path = Feedback.m; sourceTree = "<group>"; };
		83E7FF771AFEB8E5000FCAF7 /* AllThreadsTableViewController.h */ = {isa = PBXFileReference; fileEncoding = 4; lastKnownFileType = sourcecode.c.h; path = AllThreadsTableViewController.h; sourceTree = "<group>"; };
		83E7FF781AFEB8E5000FCAF7 /* AllThreadsTableViewController.m */ = {isa = PBXFileReference; fileEncoding = 4; lastKnownFileType = sourcecode.c.objc; path = AllThreadsTableViewController.m; sourceTree = "<group>"; };
		83EC1DA11B014E25003FD77B /* _Feedback.h */ = {isa = PBXFileReference; fileEncoding = 4; lastKnownFileType = sourcecode.c.h; path = _Feedback.h; sourceTree = "<group>"; };
		83EC1DA21B014E25003FD77B /* _Feedback.m */ = {isa = PBXFileReference; fileEncoding = 4; lastKnownFileType = sourcecode.c.objc; path = _Feedback.m; sourceTree = "<group>"; };
		83EC1DA31B014E25003FD77B /* _Host.h */ = {isa = PBXFileReference; fileEncoding = 4; lastKnownFileType = sourcecode.c.h; path = _Host.h; sourceTree = "<group>"; };
		83EC1DA41B014E25003FD77B /* _Host.m */ = {isa = PBXFileReference; fileEncoding = 4; lastKnownFileType = sourcecode.c.objc; path = _Host.m; sourceTree = "<group>"; };
		83EC1DA51B014E25003FD77B /* _Message.h */ = {isa = PBXFileReference; fileEncoding = 4; lastKnownFileType = sourcecode.c.h; path = _Message.h; sourceTree = "<group>"; };
		83EC1DA61B014E25003FD77B /* _Message.m */ = {isa = PBXFileReference; fileEncoding = 4; lastKnownFileType = sourcecode.c.objc; path = _Message.m; sourceTree = "<group>"; };
		83EC1DA71B014E25003FD77B /* _Thread.h */ = {isa = PBXFileReference; fileEncoding = 4; lastKnownFileType = sourcecode.c.h; path = _Thread.h; sourceTree = "<group>"; };
		83EC1DA81B014E25003FD77B /* _Thread.m */ = {isa = PBXFileReference; fileEncoding = 4; lastKnownFileType = sourcecode.c.objc; path = _Thread.m; sourceTree = "<group>"; };
		83EC1DAE1B01508F003FD77B /* WS3.xcdatamodel */ = {isa = PBXFileReference; lastKnownFileType = wrapper.xcdatamodel; path = WS3.xcdatamodel; sourceTree = "<group>"; };
		83EC1DB01B0155D1003FD77B /* Message.h */ = {isa = PBXFileReference; fileEncoding = 4; lastKnownFileType = sourcecode.c.h; path = Message.h; sourceTree = "<group>"; };
		83EC1DB11B0155D1003FD77B /* Message.m */ = {isa = PBXFileReference; fileEncoding = 4; lastKnownFileType = sourcecode.c.objc; path = Message.m; sourceTree = "<group>"; };
		83F00E0215EBC5B400761BC6 /* RHAboutViewController.h */ = {isa = PBXFileReference; lastKnownFileType = sourcecode.c.h; path = RHAboutViewController.h; sourceTree = "<group>"; };
		83F00E0315EBC5B400761BC6 /* RHAboutViewController.m */ = {isa = PBXFileReference; lastKnownFileType = sourcecode.c.objc; path = RHAboutViewController.m; sourceTree = "<group>"; };
		83F00E0B15EBC73900761BC6 /* RHPromptForReview.h */ = {isa = PBXFileReference; fileEncoding = 4; lastKnownFileType = sourcecode.c.h; path = RHPromptForReview.h; sourceTree = "<group>"; };
		83F00E0C15EBC73900761BC6 /* RHPromptForReview.m */ = {isa = PBXFileReference; fileEncoding = 4; lastKnownFileType = sourcecode.c.objc; path = RHPromptForReview.m; sourceTree = "<group>"; };
		83F00E1515EBD11B00761BC6 /* trackmytour.png */ = {isa = PBXFileReference; lastKnownFileType = image.png; path = trackmytour.png; sourceTree = "<group>"; };
		83F00E1615EBD11B00761BC6 /* trackmytour@2x.png */ = {isa = PBXFileReference; lastKnownFileType = image.png; path = "trackmytour@2x.png"; sourceTree = "<group>"; };
		83F00E1915EBD3FE00761BC6 /* NSString+analytics.h */ = {isa = PBXFileReference; fileEncoding = 4; lastKnownFileType = sourcecode.c.h; path = "NSString+analytics.h"; sourceTree = "<group>"; };
		83F00E1A15EBD3FE00761BC6 /* NSString+analytics.m */ = {isa = PBXFileReference; fileEncoding = 4; lastKnownFileType = sourcecode.c.objc; path = "NSString+analytics.m"; sourceTree = "<group>"; };
		83F8C184152B8B280084E380 /* ContactHostViewController.h */ = {isa = PBXFileReference; fileEncoding = 4; lastKnownFileType = sourcecode.c.h; path = ContactHostViewController.h; sourceTree = "<group>"; };
		83F8C185152B8B280084E380 /* ContactHostViewController.m */ = {isa = PBXFileReference; fileEncoding = 4; lastKnownFileType = sourcecode.c.objc; path = ContactHostViewController.m; sourceTree = "<group>"; };
		83FBB25C148B6FDB002042B0 /* RHWebViewController.h */ = {isa = PBXFileReference; fileEncoding = 4; lastKnownFileType = sourcecode.c.h; path = RHWebViewController.h; sourceTree = "<group>"; };
		83FBB25D148B6FDB002042B0 /* RHWebViewController.m */ = {isa = PBXFileReference; fileEncoding = 4; lastKnownFileType = sourcecode.c.objc; path = RHWebViewController.m; sourceTree = "<group>"; };
		8D1107310486CEB800E47090 /* WS-Info.plist */ = {isa = PBXFileReference; fileEncoding = 4; lastKnownFileType = text.plist.xml; path = "WS-Info.plist"; plistStructureDefinitionIdentifier = "com.apple.xcode.plist.structure-definition.iphone.info-plist"; sourceTree = "<group>"; };
		D09F2CAA216B49BAA5EEDCA7 /* libPods.a */ = {isa = PBXFileReference; explicitFileType = archive.ar; includeInIndex = 0; path = libPods.a; sourceTree = BUILT_PRODUCTS_DIR; };
		D8BC23EBA708152878C4EBD7 /* Pods.ad-hoc.xcconfig */ = {isa = PBXFileReference; includeInIndex = 1; lastKnownFileType = text.xcconfig; name = "Pods.ad-hoc.xcconfig"; path = "Pods/Target Support Files/Pods/Pods.ad-hoc.xcconfig"; sourceTree = "<group>"; };
		D90BFBC0537C4D0B37F09E35 /* Pods.distribution app store.xcconfig */ = {isa = PBXFileReference; includeInIndex = 1; lastKnownFileType = text.xcconfig; name = "Pods.distribution app store.xcconfig"; path = "Pods/Target Support Files/Pods/Pods.distribution app store.xcconfig"; sourceTree = "<group>"; };
/* End PBXFileReference section */

/* Begin PBXFrameworksBuildPhase section */
		1D60588F0D05DD3D006BFB54 /* Frameworks */ = {
			isa = PBXFrameworksBuildPhase;
			buildActionMask = 2147483647;
			files = (
				8348AE361872A0CF0097DF24 /* StoreKit.framework in Frameworks */,
				835696F81847D23100F5B999 /* ImageIO.framework in Frameworks */,
				835696F61847D1EC00F5B999 /* Security.framework in Frameworks */,
				835696F41847D1CB00F5B999 /* AssetsLibrary.framework in Frameworks */,
				838AB093172F9500005A9149 /* MobileCoreServices.framework in Frameworks */,
				838AB091172F94FA005A9149 /* QuartzCore.framework in Frameworks */,
				1D60589F0D05DD5A006BFB54 /* Foundation.framework in Frameworks */,
				83FFC5F416187B7D00158C5F /* CoreData.framework in Frameworks */,
				2892E4100DC94CBA00A64D0F /* CoreGraphics.framework in Frameworks */,
				83D26B36126A4DE400412151 /* CoreLocation.framework in Frameworks */,
				83CF4474126A01A200DF3CFD /* MapKit.framework in Frameworks */,
				83FFC5F316187AC300158C5F /* SystemConfiguration.framework in Frameworks */,
				1DF5F4E00D08C38300B7A737 /* UIKit.framework in Frameworks */,
				3102391F8DDD4D1FAC5382A5 /* libPods.a in Frameworks */,
			);
			runOnlyForDeploymentPostprocessing = 0;
		};
/* End PBXFrameworksBuildPhase section */

/* Begin PBXGroup section */
		080E96DDFE201D6D7F000001 /* Classes */ = {
			isa = PBXGroup;
			children = (
				839E2D551291D587003E2348 /* Model */,
				83D73F0013A151A40070D03A /* Categories */,
				8330B476126A075E008B2EC4 /* HTTPRequest */,
				83F168BF14685B17003D3E3F /* RH */,
				83F168C014685B4F003D3E3F /* Host View Controllers */,
				83E7FF7A1AFEB8F2000FCAF7 /* Messaging View Controllers */,
				83FBB25C148B6FDB002042B0 /* RHWebViewController.h */,
				83FBB25D148B6FDB002042B0 /* RHWebViewController.m */,
				83F00E0215EBC5B400761BC6 /* RHAboutViewController.h */,
				83F00E0315EBC5B400761BC6 /* RHAboutViewController.m */,
				83F00E0B15EBC73900761BC6 /* RHPromptForReview.h */,
				83F00E0C15EBC73900761BC6 /* RHPromptForReview.m */,
				1D3623240D0F684500981E51 /* WSAppDelegate.h */,
				1D3623250D0F684500981E51 /* WSAppDelegate.m */,
				83DBE69B1AFD6607003CFFCD /* LeftMenuViewController.h */,
				83DBE69C1AFD6607003CFFCD /* LeftMenuViewController.m */,
				834C9CB71B0683E200C735F4 /* LoginViewController.h */,
				834C9CB81B0683E200C735F4 /* LoginViewController.m */,
				834C9CB91B0683E200C735F4 /* LoginViewController.xib */,
			);
			path = Classes;
			sourceTree = "<group>";
		};
		19C28FACFE9D520D11CA2CBB /* Products */ = {
			isa = PBXGroup;
			children = (
				1D6058910D05DD3D006BFB54 /* WS.app */,
			);
			name = Products;
			sourceTree = "<group>";
		};
		29B97314FDCFA39411CA2CEA /* CustomTemplate */ = {
			isa = PBXGroup;
			children = (
				830169D91B0229CF00BCF4A8 /* WS */,
				29B97323FDCFA39411CA2CEA /* Frameworks */,
				19C28FACFE9D520D11CA2CBB /* Products */,
				9F79C38F32D2A60E92F06A57 /* Pods */,
			);
			name = CustomTemplate;
			sourceTree = "<group>";
		};
		29B97315FDCFA39411CA2CEA /* Supporting Files */ = {
			isa = PBXGroup;
			children = (
				8355479A1642DFFE00D2A0B5 /* Settings.bundle */,
				28A0AAE50D9B0CCF005BE974 /* WS_Prefix.pch */,
				29B97316FDCFA39411CA2CEA /* main.m */,
				8D1107310486CEB800E47090 /* WS-Info.plist */,
			);
			path = "Supporting Files";
			sourceTree = "<group>";
		};
		29B97317FDCFA39411CA2CEA /* Resources */ = {
			isa = PBXGroup;
			children = (
				83B334921B046F2600A2A1FB /* Localizable.strings */,
				8348AE371872A2AD0097DF24 /* Images.xcassets */,
				836CCF0814ABB425000EDC51 /* Images */,
			);
			path = Resources;
			sourceTree = "<group>";
		};
		29B97323FDCFA39411CA2CEA /* Frameworks */ = {
			isa = PBXGroup;
			children = (
				8348AE351872A0CF0097DF24 /* StoreKit.framework */,
				835696F71847D23100F5B999 /* ImageIO.framework */,
				835696F51847D1EC00F5B999 /* Security.framework */,
				835696F31847D1CB00F5B999 /* AssetsLibrary.framework */,
				838AB092172F9500005A9149 /* MobileCoreServices.framework */,
				838AB090172F94FA005A9149 /* QuartzCore.framework */,
				1DF5F4DF0D08C38300B7A737 /* UIKit.framework */,
				83D26B35126A4DE400412151 /* CoreLocation.framework */,
				8330B4C8126A092E008B2EC4 /* SystemConfiguration.framework */,
				83CF4473126A01A200DF3CFD /* MapKit.framework */,
				1D30AB110D05D00D00671497 /* Foundation.framework */,
				2892E40F0DC94CBA00A64D0F /* CoreGraphics.framework */,
				28860BE40F44EE6400985440 /* CoreData.framework */,
				D09F2CAA216B49BAA5EEDCA7 /* libPods.a */,
			);
			name = Frameworks;
			sourceTree = "<group>";
		};
		830169D91B0229CF00BCF4A8 /* WS */ = {
			isa = PBXGroup;
			children = (
				080E96DDFE201D6D7F000001 /* Classes */,
				29B97317FDCFA39411CA2CEA /* Resources */,
				29B97315FDCFA39411CA2CEA /* Supporting Files */,
				836D64A91893BFA000F0602F /* crittercism.plist */,
			);
			path = WS;
			sourceTree = "<group>";
		};
		8330B476126A075E008B2EC4 /* HTTPRequest */ = {
			isa = PBXGroup;
			children = (
				83441AD31608694900468716 /* WSHTTPClient.h */,
				83441AD41608694900468716 /* WSHTTPClient.m */,
				8330B47F126A0775008B2EC4 /* WSRequests.h */,
				8330B480126A0775008B2EC4 /* WSRequests.m */,
			);
			path = HTTPRequest;
			sourceTree = "<group>";
		};
		836CCF0814ABB425000EDC51 /* Images */ = {
			isa = PBXGroup;
			children = (
				83DBE6991AFD647D003CFFCD /* menu_black-48@2x.png */,
				83E205661878B3550067738B /* ws.png */,
				83E205671878B3550067738B /* ws@2x.png */,
				838E22EF1894037B0097A831 /* ws-50.png */,
				838E22F01894037B0097A831 /* ws-50@2x.png */,
				83F00E1515EBD11B00761BC6 /* trackmytour.png */,
				83F00E1615EBD11B00761BC6 /* trackmytour@2x.png */,
				8348AE401872C2360097DF24 /* ios7-navigate-outline.png */,
				8348AE411872C2360097DF24 /* ios7-navigate-outline@2x.png */,
				833198E21B02717C008E76F0 /* ios7-information-outline.png */,
				833198E31B02717C008E76F0 /* ios7-information-outline@2x.png */,
			);
			path = Images;
			sourceTree = "<group>";
		};
		839E2D551291D587003E2348 /* Model */ = {
			isa = PBXGroup;
			children = (
				83EC1DAD1B01508F003FD77B /* WS.xcdatamodeld */,
				83EC1DA11B014E25003FD77B /* _Feedback.h */,
				83EC1DA21B014E25003FD77B /* _Feedback.m */,
				83EC1DA31B014E25003FD77B /* _Host.h */,
				83EC1DA41B014E25003FD77B /* _Host.m */,
				83EC1DA51B014E25003FD77B /* _Message.h */,
				83EC1DA61B014E25003FD77B /* _Message.m */,
				83EC1DA71B014E25003FD77B /* _Thread.h */,
				83EC1DA81B014E25003FD77B /* _Thread.m */,
				836CCF0214ABB3E6000EDC51 /* Host.h */,
				836CCF0314ABB3E6000EDC51 /* Host.m */,
				83E605551608477F00C7C50E /* Feedback.h */,
				83E605561608477F00C7C50E /* Feedback.m */,
				8343CC8D1AFFE2DC00EE3A45 /* Thread.h */,
				8343CC8E1AFFE2DC00EE3A45 /* Thread.m */,
				83EC1DB01B0155D1003FD77B /* Message.h */,
				83EC1DB11B0155D1003FD77B /* Message.m */,
			);
			path = Model;
			sourceTree = "<group>";
		};
		83D73F0013A151A40070D03A /* Categories */ = {
			isa = PBXGroup;
			children = (
				83C78E7E1474DE3D00274616 /* CLLocation+Bearing.h */,
				83C78E7F1474DE3D00274616 /* CLLocation+Bearing.m */,
				835185FE152C0B0B009E558F /* MKMapView+Utils.h */,
				835185FF152C0B0B009E558F /* MKMapView+Utils.m */,
				839FD6F1126AED0A00C008F8 /* MKMapView+ZoomLevel.h */,
				839FD6F2126AED0A00C008F8 /* MKMapView+ZoomLevel.m */,
				83F00E1915EBD3FE00761BC6 /* NSString+analytics.h */,
				83F00E1A15EBD3FE00761BC6 /* NSString+analytics.m */,
			);
			path = Categories;
			sourceTree = "<group>";
		};
		83E7FF7A1AFEB8F2000FCAF7 /* Messaging View Controllers */ = {
			isa = PBXGroup;
			children = (
				83E7FF771AFEB8E5000FCAF7 /* AllThreadsTableViewController.h */,
				83E7FF781AFEB8E5000FCAF7 /* AllThreadsTableViewController.m */,
				8321988F1AFFF49B0041A72F /* SingleThreadTableViewController.h */,
				832198901AFFF49B0041A72F /* SingleThreadTableViewController.m */,
			);
			path = "Messaging View Controllers";
			sourceTree = "<group>";
		};
		83F168BF14685B17003D3E3F /* RH */ = {
			isa = PBXGroup;
			children = (
				83708C18145C79CF00B15150 /* SegmentsController.h */,
				83708C19145C79CF00B15150 /* SegmentsController.m */,
			);
			path = RH;
			sourceTree = "<group>";
		};
		83F168C014685B4F003D3E3F /* Host View Controllers */ = {
			isa = PBXGroup;
			children = (
				28C286DF0D94DF7D0034E888 /* HostMapViewController.h */,
				28C286E00D94DF7D0034E888 /* HostMapViewController.m */,
				836CCF0014ABB3D1000EDC51 /* HostMapViewController.xib */,
				8388B1351458A8100079ACE3 /* HostTableViewController.h */,
				8388B1361458A8100079ACE3 /* HostTableViewController.m */,
				83CE135F147455CB006EED95 /* FavouriteHostTableViewController.h */,
				83CE1360147455CB006EED95 /* FavouriteHostTableViewController.m */,
				83BE50B3126B4E7B00B5A65A /* HostInfoViewController.h */,
				83BE50B4126B4E7B00B5A65A /* HostInfoViewController.m */,
				83F8C184152B8B280084E380 /* ContactHostViewController.h */,
				83F8C185152B8B280084E380 /* ContactHostViewController.m */,
				83B3348E1B046DE900A2A1FB /* ContactHostViewController.xib */,
				83CDACDE160A310000B5DC83 /* FeedbackTableViewController.h */,
				83CDACDF160A310000B5DC83 /* FeedbackTableViewController.m */,
			);
			path = "Host View Controllers";
			sourceTree = "<group>";
		};
		9F79C38F32D2A60E92F06A57 /* Pods */ = {
			isa = PBXGroup;
			children = (
				3B04C42F3B42643FDA03D2FB /* Pods.debug.xcconfig */,
				D8BC23EBA708152878C4EBD7 /* Pods.ad-hoc.xcconfig */,
				D90BFBC0537C4D0B37F09E35 /* Pods.distribution app store.xcconfig */,
				0DCC95967B6E7593E73282EE /* Pods.release.xcconfig */,
			);
			name = Pods;
			sourceTree = "<group>";
		};
/* End PBXGroup section */

/* Begin PBXNativeTarget section */
		1D6058900D05DD3D006BFB54 /* WS */ = {
			isa = PBXNativeTarget;
			buildConfigurationList = 1D6058960D05DD3E006BFB54 /* Build configuration list for PBXNativeTarget "WS" */;
			buildPhases = (
				57FD9BCF64C247ED959CC09D /* Check Pods Manifest.lock */,
				1D60588D0D05DD3D006BFB54 /* Resources */,
				1D60588E0D05DD3D006BFB54 /* Sources */,
				1D60588F0D05DD3D006BFB54 /* Frameworks */,
				22EB14AC66A04CC6A3D4EC37 /* Copy Pods Resources */,
			);
			buildRules = (
			);
			dependencies = (
			);
			name = WS;
			productName = WS;
			productReference = 1D6058910D05DD3D006BFB54 /* WS.app */;
			productType = "com.apple.product-type.application";
		};
/* End PBXNativeTarget section */

/* Begin PBXProject section */
		29B97313FDCFA39411CA2CEA /* Project object */ = {
			isa = PBXProject;
			attributes = {
				LastUpgradeCheck = 0500;
				ORGANIZATIONNAME = "Red House Consulting GmbH";
				TargetAttributes = {
					1D6058900D05DD3D006BFB54 = {
						DevelopmentTeam = 5BQRNHH2CM;
					};
					83BD306D1B01490200936C2E = {
						CreatedOnToolsVersion = 6.3.1;
					};
				};
			};
			buildConfigurationList = C01FCF4E08A954540054247B /* Build configuration list for PBXProject "WS" */;
			compatibilityVersion = "Xcode 3.2";
			developmentRegion = English;
			hasScannedForEncodings = 1;
			knownRegions = (
				English,
				Japanese,
				French,
				German,
				en,
				de,
				fr,
				ja,
			);
			mainGroup = 29B97314FDCFA39411CA2CEA /* CustomTemplate */;
			projectDirPath = "";
			projectRoot = "";
			targets = (
				1D6058900D05DD3D006BFB54 /* WS */,
				83BD306D1B01490200936C2E /* Mogenerator */,
			);
		};
/* End PBXProject section */

/* Begin PBXResourcesBuildPhase section */
		1D60588D0D05DD3D006BFB54 /* Resources */ = {
			isa = PBXResourcesBuildPhase;
			buildActionMask = 2147483647;
			files = (
				83B334941B046F2600A2A1FB /* Localizable.strings in Resources */,
				83E205691878B3550067738B /* ws@2x.png in Resources */,
				8348AE431872C2360097DF24 /* ios7-navigate-outline@2x.png in Resources */,
				836CCF0114ABB3D1000EDC51 /* HostMapViewController.xib in Resources */,
				838E22F21894037B0097A831 /* ws-50@2x.png in Resources */,
				83E205681878B3550067738B /* ws.png in Resources */,
				836D64AA1893BFA000F0602F /* crittercism.plist in Resources */,
				833198E41B02717C008E76F0 /* ios7-information-outline.png in Resources */,
				834C9CBB1B0683E200C735F4 /* LoginViewController.xib in Resources */,
				83DBE69A1AFD647D003CFFCD /* menu_black-48@2x.png in Resources */,
				83F00E1715EBD11B00761BC6 /* trackmytour.png in Resources */,
				83F00E1815EBD11B00761BC6 /* trackmytour@2x.png in Resources */,
				8348AE421872C2360097DF24 /* ios7-navigate-outline.png in Resources */,
				838E22F11894037B0097A831 /* ws-50.png in Resources */,
				8348AE381872A2AD0097DF24 /* Images.xcassets in Resources */,
				833198E51B02717C008E76F0 /* ios7-information-outline@2x.png in Resources */,
				83B3348F1B046DE900A2A1FB /* ContactHostViewController.xib in Resources */,
				8355479B1642DFFE00D2A0B5 /* Settings.bundle in Resources */,
			);
			runOnlyForDeploymentPostprocessing = 0;
		};
/* End PBXResourcesBuildPhase section */

/* Begin PBXShellScriptBuildPhase section */
		22EB14AC66A04CC6A3D4EC37 /* Copy Pods Resources */ = {
			isa = PBXShellScriptBuildPhase;
			buildActionMask = 2147483647;
			files = (
			);
			inputPaths = (
			);
			name = "Copy Pods Resources";
			outputPaths = (
			);
			runOnlyForDeploymentPostprocessing = 0;
			shellPath = /bin/sh;
			shellScript = "\"${SRCROOT}/Pods/Target Support Files/Pods/Pods-resources.sh\"\n";
			showEnvVarsInLog = 0;
		};
		57FD9BCF64C247ED959CC09D /* Check Pods Manifest.lock */ = {
			isa = PBXShellScriptBuildPhase;
			buildActionMask = 2147483647;
			files = (
			);
			inputPaths = (
			);
			name = "Check Pods Manifest.lock";
			outputPaths = (
			);
			runOnlyForDeploymentPostprocessing = 0;
			shellPath = /bin/sh;
			shellScript = "diff \"${PODS_ROOT}/../Podfile.lock\" \"${PODS_ROOT}/Manifest.lock\" > /dev/null\nif [[ $? != 0 ]] ; then\n    cat << EOM\nerror: The sandbox is not in sync with the Podfile.lock. Run 'pod install' or update your CocoaPods installation.\nEOM\n    exit 1\nfi\n";
			showEnvVarsInLog = 0;
		};
		83BD30711B01493100936C2E /* ShellScript */ = {
			isa = PBXShellScriptBuildPhase;
			buildActionMask = 2147483647;
			files = (
			);
			inputPaths = (
			);
			outputPaths = (
			);
			runOnlyForDeploymentPostprocessing = 0;
			shellPath = /bin/sh;
			shellScript = "/usr/local/bin/mogenerator -m \"${PROJECT_DIR}/WS/Classes/Model/WS.xcdatamodeld\" -O \"${PROJECT_DIR}/WS/Classes/Model\" --template-var arc=true --base-class RHManagedObject";
		};
/* End PBXShellScriptBuildPhase section */

/* Begin PBXSourcesBuildPhase section */
		1D60588E0D05DD3D006BFB54 /* Sources */ = {
			isa = PBXSourcesBuildPhase;
			buildActionMask = 2147483647;
			files = (
				83EC1DAA1B014E25003FD77B /* _Host.m in Sources */,
				83F00E0415EBC6E000761BC6 /* RHAboutViewController.m in Sources */,
				83518606152C0C1F009E558F /* MKMapView+Utils.m in Sources */,
				1D60589B0D05DD56006BFB54 /* main.m in Sources */,
				832198911AFFF49B0041A72F /* SingleThreadTableViewController.m in Sources */,
				83EC1DAB1B014E25003FD77B /* _Message.m in Sources */,
				1D3623260D0F684500981E51 /* WSAppDelegate.m in Sources */,
				83EC1DB21B0155D1003FD77B /* Message.m in Sources */,
				28C286E10D94DF7D0034E888 /* HostMapViewController.m in Sources */,
				8330B481126A0775008B2EC4 /* WSRequests.m in Sources */,
				839FD6F3126AED0A00C008F8 /* MKMapView+ZoomLevel.m in Sources */,
				83BE50B6126B4E7B00B5A65A /* HostInfoViewController.m in Sources */,
				8388B1371458A8100079ACE3 /* HostTableViewController.m in Sources */,
				83DBE69D1AFD6607003CFFCD /* LeftMenuViewController.m in Sources */,
				83708C1A145C79CF00B15150 /* SegmentsController.m in Sources */,
				83CE1361147455CB006EED95 /* FavouriteHostTableViewController.m in Sources */,
				83EC1DAC1B014E25003FD77B /* _Thread.m in Sources */,
				83C78E801474DE3D00274616 /* CLLocation+Bearing.m in Sources */,
				8343CC8F1AFFE2DC00EE3A45 /* Thread.m in Sources */,
				83FBB25E148B6FDB002042B0 /* RHWebViewController.m in Sources */,
				836CCF0614ABB3E6000EDC51 /* Host.m in Sources */,
				83F8C187152B8B280084E380 /* ContactHostViewController.m in Sources */,
				83EC1DAF1B01508F003FD77B /* WS.xcdatamodeld in Sources */,
				83E7FF791AFEB8E5000FCAF7 /* AllThreadsTableViewController.m in Sources */,
				83F00E0D15EBC73900761BC6 /* RHPromptForReview.m in Sources */,
				83F00E1B15EBD3FE00761BC6 /* NSString+analytics.m in Sources */,
				83EC1DA91B014E25003FD77B /* _Feedback.m in Sources */,
				83E605571608477F00C7C50E /* Feedback.m in Sources */,
				83441AD51608694900468716 /* WSHTTPClient.m in Sources */,
				83CDACE0160A310000B5DC83 /* FeedbackTableViewController.m in Sources */,
				834C9CBA1B0683E200C735F4 /* LoginViewController.m in Sources */,
			);
			runOnlyForDeploymentPostprocessing = 0;
		};
/* End PBXSourcesBuildPhase section */

/* Begin PBXVariantGroup section */
		83B334921B046F2600A2A1FB /* Localizable.strings */ = {
			isa = PBXVariantGroup;
			children = (
				83A4D2AB1B0472B4008ACB08 /* en */,
				83A4D2AC1B0472DE008ACB08 /* de */,
				83A4D2AD1B0472E3008ACB08 /* fr */,
			);
			name = Localizable.strings;
			sourceTree = "<group>";
		};
/* End PBXVariantGroup section */

/* Begin XCBuildConfiguration section */
		1D6058940D05DD3E006BFB54 /* Debug */ = {
			isa = XCBuildConfiguration;
			baseConfigurationReference = 3B04C42F3B42643FDA03D2FB /* Pods.debug.xcconfig */;
			buildSettings = {
				ALWAYS_SEARCH_USER_PATHS = NO;
				ASSETCATALOG_COMPILER_APPICON_NAME = AppIcon;
				ASSETCATALOG_COMPILER_LAUNCHIMAGE_NAME = LaunchImage;
				CLANG_ENABLE_OBJC_ARC = YES;
				CODE_SIGN_IDENTITY = "iPhone Developer";
				"CODE_SIGN_IDENTITY[sdk=iphoneos*]" = "iPhone Developer";
				COPY_PHASE_STRIP = NO;
				GCC_DYNAMIC_NO_PIC = NO;
				GCC_OPTIMIZATION_LEVEL = 0;
				GCC_PRECOMPILE_PREFIX_HEADER = YES;
				GCC_PREFIX_HEADER = "WS/Supporting Files/WS_Prefix.pch";
				GCC_THUMB_SUPPORT = NO;
				INFOPLIST_FILE = "WS/Supporting Files/WS-Info.plist";
				PROVISIONING_PROFILE = "";
				TARGETED_DEVICE_FAMILY = "1,2";
			};
			name = Debug;
		};
		83A43B8712AFED0600E084E3 /* Release */ = {
			isa = XCBuildConfiguration;
			buildSettings = {
				"CODE_SIGN_IDENTITY[sdk=iphoneos*]" = "iPhone Distribution: Christopher Meyer";
				GCC_C_LANGUAGE_STANDARD = c99;
				GCC_THUMB_SUPPORT = NO;
				GCC_WARN_ABOUT_RETURN_TYPE = YES;
				GCC_WARN_UNUSED_VARIABLE = YES;
				IPHONEOS_DEPLOYMENT_TARGET = 8.3;
				OTHER_CFLAGS = "-DNS_BLOCK_ASSERTIONS=1";
				PRODUCT_NAME = WS;
				SDKROOT = iphoneos;
			};
			name = Release;
		};
		83A43B8812AFED0600E084E3 /* Release */ = {
			isa = XCBuildConfiguration;
			baseConfigurationReference = 0DCC95967B6E7593E73282EE /* Pods.release.xcconfig */;
			buildSettings = {
				ALWAYS_SEARCH_USER_PATHS = NO;
				ASSETCATALOG_COMPILER_APPICON_NAME = AppIcon;
				ASSETCATALOG_COMPILER_LAUNCHIMAGE_NAME = LaunchImage;
				CLANG_ENABLE_OBJC_ARC = YES;
				CODE_SIGN_ENTITLEMENTS = "";
				CODE_SIGN_IDENTITY = "iPhone Developer";
				"CODE_SIGN_IDENTITY[sdk=iphoneos*]" = "iPhone Developer";
				COPY_PHASE_STRIP = YES;
				GCC_PRECOMPILE_PREFIX_HEADER = YES;
				GCC_PREFIX_HEADER = "WS/Supporting Files/WS_Prefix.pch";
				GCC_THUMB_SUPPORT = NO;
				INFOPLIST_FILE = "WS/Supporting Files/WS-Info.plist";
				PROVISIONING_PROFILE = "";
				TARGETED_DEVICE_FAMILY = "1,2";
				VALIDATE_PRODUCT = YES;
			};
			name = Release;
		};
		83BD306E1B01490200936C2E /* Debug */ = {
			isa = XCBuildConfiguration;
			buildSettings = {
				PRODUCT_NAME = "$(TARGET_NAME)";
			};
			name = Debug;
		};
		83BD306F1B01490200936C2E /* Release */ = {
			isa = XCBuildConfiguration;
			buildSettings = {
				PRODUCT_NAME = "$(TARGET_NAME)";
			};
			name = Release;
		};
		C01FCF4F08A954540054247B /* Debug */ = {
			isa = XCBuildConfiguration;
			buildSettings = {
				"CODE_SIGN_IDENTITY[sdk=iphoneos*]" = "iPhone Developer: Christopher Meyer (XV3JT68D49)";
				GCC_C_LANGUAGE_STANDARD = c99;
				GCC_PREPROCESSOR_DEFINITIONS = "DEBUG=1";
				GCC_THUMB_SUPPORT = NO;
				GCC_WARN_ABOUT_RETURN_TYPE = YES;
				GCC_WARN_UNUSED_VARIABLE = YES;
				IPHONEOS_DEPLOYMENT_TARGET = 8.3;
				ONLY_ACTIVE_ARCH = YES;
				PRODUCT_NAME = WS;
				SDKROOT = iphoneos;
			};
			name = Debug;
		};
/* End XCBuildConfiguration section */

/* Begin XCConfigurationList section */
		1D6058960D05DD3E006BFB54 /* Build configuration list for PBXNativeTarget "WS" */ = {
			isa = XCConfigurationList;
			buildConfigurations = (
				1D6058940D05DD3E006BFB54 /* Debug */,
				83A43B8812AFED0600E084E3 /* Release */,
			);
			defaultConfigurationIsVisible = 0;
			defaultConfigurationName = Debug;
		};
		83BD30701B01490200936C2E /* Build configuration list for PBXAggregateTarget "Mogenerator" */ = {
			isa = XCConfigurationList;
			buildConfigurations = (
				83BD306E1B01490200936C2E /* Debug */,
				83BD306F1B01490200936C2E /* Release */,
			);
			defaultConfigurationIsVisible = 0;
			defaultConfigurationName = Debug;
		};
		C01FCF4E08A954540054247B /* Build configuration list for PBXProject "WS" */ = {
			isa = XCConfigurationList;
			buildConfigurations = (
				C01FCF4F08A954540054247B /* Debug */,
				83A43B8712AFED0600E084E3 /* Release */,
			);
			defaultConfigurationIsVisible = 0;
			defaultConfigurationName = Debug;
		};
/* End XCConfigurationList section */

/* Begin XCVersionGroup section */
		83EC1DAD1B01508F003FD77B /* WS.xcdatamodeld */ = {
			isa = XCVersionGroup;
			children = (
				83EC1DAE1B01508F003FD77B /* WS3.xcdatamodel */,
			);
			currentVersion = 83EC1DAE1B01508F003FD77B /* WS3.xcdatamodel */;
			path = WS.xcdatamodeld;
			sourceTree = "<group>";
			versionGroupType = wrapper.xcdatamodel;
		};
/* End XCVersionGroup section */
	};
	rootObject = 29B97313FDCFA39411CA2CEA /* Project object */;
}
