PODS:
  - AFNetworking (2.6.1):
    - AFNetworking/NSURLConnection (= 2.6.1)
    - AFNetworking/NSURLSession (= 2.6.1)
    - AFNetworking/Reachability (= 2.6.1)
    - AFNetworking/Security (= 2.6.1)
    - AFNetworking/Serialization (= 2.6.1)
    - AFNetworking/UIKit (= 2.6.1)
  - AFNetworking/NSURLConnection (2.6.1):
    - AFNetworking/Reachability
    - AFNetworking/Security
    - AFNetworking/Serialization
  - AFNetworking/NSURLSession (2.6.1):
    - AFNetworking/Reachability
    - AFNetworking/Security
    - AFNetworking/Serialization
  - AFNetworking/Reachability (2.6.1)
  - AFNetworking/Security (2.6.1)
  - AFNetworking/Serialization (2.6.1)
  - AFNetworking/UIKit (2.6.1):
    - AFNetworking/NSURLConnection
    - AFNetworking/NSURLSession
  - BButton (4.0.2)
  - CrittercismSDK (5.4.0)
  - ECSlidingViewController (2.0.3)
  - FrameAccessor (2.0)
  - kingpin (0.3.1)
  - Lockbox (2.1.0)
  - MBAutoGrowingTextView (0.1.0)
  - RHManagedObject (0.16)
  - RHTools (0.1.0):
    - FrameAccessor
  - SVProgressHUD (1.1.2)

DEPENDENCIES:
  - AFNetworking
  - BButton
  - CrittercismSDK
  - ECSlidingViewController
  - kingpin
  - Lockbox
  - MBAutoGrowingTextView (~> 0.1.0)
  - RHManagedObject (from `../RHManagedObject/`)
  - RHTools (from `../RHTools/`)
  - SVProgressHUD (= 1.1.2)

EXTERNAL SOURCES:
  RHManagedObject:
    :path: ../RHManagedObject/
  RHTools:
    :path: ../RHTools/

SPEC CHECKSUMS:
  AFNetworking: 8e4e60500beb8bec644cf575beee72990a76d399
  BButton: ab0f2ed3b998ae73c5188b57d270d81e4a1eeb27
  CrittercismSDK: 6392d3628b4ea043a3d00ef745cf601a5049b394
  ECSlidingViewController: 6485c14f23b4487e9946535421ca8f111f86cc53
  FrameAccessor: 443a13e58e23a10ff22180da0897b28c3f6abf66
  kingpin: 52bb578006bdeb881db225e6ff1a4228375cbfbf
  Lockbox: 16442da35d9d4286966936763be728a931d589c3
  MBAutoGrowingTextView: 3955d4513be3d184fe2cb7739999c1f994dcd4d5
  RHManagedObject: 2685dbb2a782a8c25e1e52dffbab386fbf2e5b3c
  RHTools: 419b66e073e304190369201c14e5211dab511ece
  SVProgressHUD: 3afb875b9eb23acd1bed9b82495695c68621a8b2

COCOAPODS: 0.39.0
