PODS:
  - AFNetworking (2.5.4):
    - AFNetworking/NSURLConnection (= 2.5.4)
    - AFNetworking/NSURLSession (= 2.5.4)
    - AFNetworking/Reachability (= 2.5.4)
    - AFNetworking/Security (= 2.5.4)
    - AFNetworking/Serialization (= 2.5.4)
    - AFNetworking/UIKit (= 2.5.4)
  - AFNetworking/NSURLConnection (2.5.4):
    - AFNetworking/Reachability
    - AFNetworking/Security
    - AFNetworking/Serialization
  - AFNetworking/NSURLSession (2.5.4):
    - AFNetworking/Reachability
    - AFNetworking/Security
    - AFNetworking/Serialization
  - AFNetworking/Reachability (2.5.4)
  - AFNetworking/Security (2.5.4)
  - AFNetworking/Serialization (2.5.4)
  - AFNetworking/UIKit (2.5.4):
    - AFNetworking/NSURLConnection
    - AFNetworking/NSURLSession
  - BButton (4.0.2)
  - CrittercismSDK (5.2.4)
  - ECSlidingViewController (2.0.3)
  - FrameAccessor (2.0)
  - kingpin (0.2.5)
  - Lockbox (2.1.0)
  - MBAutoGrowingTextView (0.1.0)
  - RHManagedObject (0.15)
  - RHTools (0.1.0):
    - FrameAccessor
  - SVProgressHUD (1.1.2)

DEPENDENCIES:
  - AFNetworking
  - BButton
  - CrittercismSDK
  - ECSlidingViewController
  - kingpin
  - Lockbox
  - MBAutoGrowingTextView (~> 0.1.0)
  - RHManagedObject (from `../RHManagedObject/`)
  - RHTools (from `../RHTools/`)
  - SVProgressHUD (= 1.1.2)

EXTERNAL SOURCES:
  RHManagedObject:
    :path: ../RHManagedObject/
  RHTools:
    :path: ../RHTools/

SPEC CHECKSUMS:
  AFNetworking: 05edc0ac4c4c8cf57bcf4b84be5b0744b6d8e71e
  BButton: ab0f2ed3b998ae73c5188b57d270d81e4a1eeb27
  CrittercismSDK: 3efbb10c3c189f7d289de96ef81310476f27df00
  ECSlidingViewController: 6485c14f23b4487e9946535421ca8f111f86cc53
  FrameAccessor: 443a13e58e23a10ff22180da0897b28c3f6abf66
  kingpin: 28ea5a6e16065ee10d078806a6cb0adb4c7c28cd
  Lockbox: 16442da35d9d4286966936763be728a931d589c3
  MBAutoGrowingTextView: 3955d4513be3d184fe2cb7739999c1f994dcd4d5
  RHManagedObject: 459c86e4a257bec738e421c3051bb541f3aeabb8
  RHTools: 419b66e073e304190369201c14e5211dab511ece
  SVProgressHUD: 3afb875b9eb23acd1bed9b82495695c68621a8b2

COCOAPODS: 0.37.2
